
Microsoft Visual Studio Solution File, Format Version 12.00
# Visual Studio Version 16
VisualStudioVersion = 16.0.33214.272
MinimumVisualStudioVersion = 10.0.40219.1
Project("{FAE04EC0-301F-11D3-BF4B-00C04F79EFBC}") = "практика13", "практика13\практика13.csproj", "{559FB67D-E077-467A-B0F1-F54F428603DB}"
EndProject
Global
	GlobalSection(SolutionConfigurationPlatforms) = preSolution
		Debug|Any CPU = Debug|Any CPU
		Release|Any CPU = Release|Any CPU
	EndGlobalSection
	GlobalSection(ProjectConfigurationPlatforms) = postSolution
		{559FB67D-E077-467A-B0F1-F54F428603DB}.Debug|Any CPU.ActiveCfg = Debug|Any CPU
		{559FB67D-E077-467A-B0F1-F54F428603DB}.Debug|Any CPU.Build.0 = Debug|Any CPU
		{559FB67D-E077-467A-B0F1-F54F428603DB}.Release|Any CPU.ActiveCfg = Release|Any CPU
		{559FB67D-E077-467A-B0F1-F54F428603DB}.Release|Any CPU.Build.0 = Release|Any CPU
	EndGlobalSection
	GlobalSection(SolutionProperties) = preSolution
		HideSolutionNode = FALSE
	EndGlobalSection
	GlobalSection(ExtensibilityGlobals) = postSolution
		SolutionGuid = {73156097-EFCD-4737-83A1-395B30C759E6}
	EndGlobalSection
EndGlobal
